
Microsoft Visual Studio Solution File, Format Version 12.00
# Visual Studio 14
VisualStudioVersion = 14.0.25420.1
MinimumVisualStudioVersion = 10.0.40219.1
Project("{FAE04EC0-301F-11D3-BF4B-00C04F79EFBC}") = "ODataAggregationSample", "ODataAggregationSample\ODataAggregationSample.csproj", "{6849DC40-A9BD-48B2-9089-038A39EDDD96}"
EndProject
Global
	GlobalSection(SolutionConfigurationPlatforms) = preSolution
		Debug|Any CPU = Debug|Any CPU
		Release|Any CPU = Release|Any CPU
	EndGlobalSection
	GlobalSection(ProjectConfigurationPlatforms) = postSolution
		{6849DC40-A9BD-48B2-9089-038A39EDDD96}.Debug|Any CPU.ActiveCfg = Debug|Any CPU
		{6849DC40-A9BD-48B2-9089-038A39EDDD96}.Debug|Any CPU.Build.0 = Debug|Any CPU
		{6849DC40-A9BD-48B2-9089-038A39EDDD96}.Release|Any CPU.ActiveCfg = Release|Any CPU
		{6849DC40-A9BD-48B2-9089-038A39EDDD96}.Release|Any CPU.Build.0 = Release|Any CPU
	EndGlobalSection
	GlobalSection(SolutionProperties) = preSolution
		HideSolutionNode = FALSE
	EndGlobalSection
	GlobalSection(ExtensibilityGlobals) = postSolution
		SolutionGuid = {BE7B2273-78A8-4FD9-8247-577F32D43BFB}
	EndGlobalSection
EndGlobal
